<?xml version="1.0" encoding="utf-8"?>
<Project ToolsVersion="4.0" xmlns="http://schemas.microsoft.com/developer/msbuild/2003">
  <ItemGroup>
    <ClInclude Include="brendancuda_dcopy.cuh" />
    <ClInclude Include="brendancuda_ai_mlpb.h">
      <Filter>AI\MLPB</Filter>
    </ClInclude>
    <ClInclude Include="brendancuda_ai_mlpb_mlpbl.h">
      <Filter>AI\MLPB</Filter>
    </ClInclude>
    <ClInclude Include="brendancuda_ai_mlpb_mlpbls.h">
      <Filter>AI\MLPB</Filter>
    </ClInclude>
    <ClInclude Include="brendancuda_fields_field3.cuh">
      <Filter>Fields</Filter>
    </ClInclude>
    <ClInclude Include="brendancuda_ai_evol_evolver.h">
      <Filter>AI\Evolution</Filter>
    </ClInclude>
    <ClInclude Include="brendancuda_ai_mlp.h">
      <Filter>AI\MLP</Filter>
    </ClInclude>
    <ClInclude Include="brendancuda_ai_mlp_mlpl.h">
      <Filter>AI\MLP</Filter>
    </ClInclude>
    <ClInclude Include="brendancuda_ai_genetics_genemlp.h">
      <Filter>AI\Genetics</Filter>
    </ClInclude>
    <ClInclude Include="brendancuda_ai.h">
      <Filter>AI</Filter>
    </ClInclude>
    <ClInclude Include="brendancuda_fields_dfield3.cuh">
      <Filter>Fields</Filter>
    </ClInclude>
    <ClInclude Include="brendancuda_rand_drandom.cuh">
      <Filter>Random</Filter>
    </ClInclude>
    <ClInclude Include="brendancuda_rand_sseed.cuh">
      <Filter>Random</Filter>
    </ClInclude>
    <ClInclude Include="brendancuda_rand_bits.h">
      <Filter>Random</Filter>
    </ClInclude>
    <ClInclude Include="brendancuda_binary_basic.h" />
    <ClInclude Include="brendancuda_ai_evol_eval_output.h">
      <Filter>AI\Evolution\Evaluation\Output</Filter>
    </ClInclude>
    <ClInclude Include="brendancuda_ai_evol_eval_multieval.h">
      <Filter>AI\Evolution\Evaluation</Filter>
    </ClInclude>
    <ClInclude Include="brendancuda_ai_evol.h">
      <Filter>AI\Evolution</Filter>
    </ClInclude>
    <ClInclude Include="brendancuda_rand_anyrng.h">
      <Filter>Random</Filter>
    </ClInclude>
    <ClInclude Include="brendancuda_nets_net.h">
      <Filter>Nets</Filter>
    </ClInclude>
    <ClInclude Include="brendancuda_fixedvectors.h" />
    <ClInclude Include="brendancuda_mathfuncs.h" />
    <ClInclude Include="brendancuda_errorhelp.h" />
    <ClInclude Include="brendancuda_crossassigns.h" />
    <ClInclude Include="brendancuda_ai_evol_eval_output_impl_proliferation.h">
      <Filter>AI\Evolution\Evaluation\Output</Filter>
    </ClInclude>
    <ClInclude Include="brendancuda_ai_evol_eval_output_impl_uniquevalues.h">
      <Filter>AI\Evolution\Evaluation\Output</Filter>
    </ClInclude>
    <ClInclude Include="brendancuda_fields_field2.cuh">
      <Filter>Fields</Filter>
    </ClInclude>
    <ClInclude Include="brendancuda_fields_dfield2.cuh">
      <Filter>Fields</Filter>
    </ClInclude>
    <ClInclude Include="brendancuda_points.h" />
    <ClInclude Include="brendancuda_nets_makenet.h">
      <Filter>Nets</Filter>
    </ClInclude>
    <ClInclude Include="brendancuda_fields_instance3.h">
      <Filter>Fields</Filter>
    </ClInclude>
    <ClInclude Include="brendancuda_fields_instance2.h">
      <Filter>Fields</Filter>
    </ClInclude>
    <ClInclude Include="brendancuda_ai_mlp_fixedmlp.h">
      <Filter>AI\MLP</Filter>
    </ClInclude>
    <ClInclude Include="brendancuda_arrays.h" />
    <ClInclude Include="brendancuda_kernellaunch.cuh" />
    <ClInclude Include="brendancuda_cudaconstexpr.h" />
  </ItemGroup>
  <ItemGroup>
    <CustomBuild Include="brendancuda_fixedvectors.h.tt" />
    <CustomBuild Include="brendancuda_points.cu.tt" />
    <CustomBuild Include="brendancuda_points.h.tt" />
  </ItemGroup>
  <ItemGroup>
    <Filter Include="Fields">
      <UniqueIdentifier>{b56075d7-9c2e-4d47-939d-10dcd496f493}</UniqueIdentifier>
    </Filter>
    <Filter Include="AI">
      <UniqueIdentifier>{c1b12faf-5c1b-4185-a259-39e36db021fb}</UniqueIdentifier>
    </Filter>
    <Filter Include="AI\MLPB">
      <UniqueIdentifier>{fc38189c-3d12-4b1b-8fe6-85b6084c4cdc}</UniqueIdentifier>
    </Filter>
    <Filter Include="AI\Evolution">
      <UniqueIdentifier>{26b939c8-4823-457f-9cd9-32856e0598eb}</UniqueIdentifier>
    </Filter>
    <Filter Include="AI\MLP">
      <UniqueIdentifier>{912494ca-a88d-4457-8472-bf9fc8bf0767}</UniqueIdentifier>
    </Filter>
    <Filter Include="AI\Genetics">
      <UniqueIdentifier>{ce47f0e1-0ba0-4a74-978d-297a10635a19}</UniqueIdentifier>
    </Filter>
    <Filter Include="Random">
      <UniqueIdentifier>{0bd788c8-6a74-49a0-96b9-dbc38b4bedb3}</UniqueIdentifier>
    </Filter>
    <Filter Include="AI\Evolution\Evaluation">
      <UniqueIdentifier>{62fb3aff-7b01-4a99-8bc8-1dbbb7cf6d5c}</UniqueIdentifier>
    </Filter>
    <Filter Include="AI\Evolution\Evaluation\Output">
      <UniqueIdentifier>{bcf89ce9-1e7e-4c0c-9fe9-87888ae7836e}</UniqueIdentifier>
    </Filter>
    <Filter Include="Nets">
      <UniqueIdentifier>{9dfa7c44-b669-40fb-a640-c89bd8ab5e22}</UniqueIdentifier>
    </Filter>
  </ItemGroup>
  <ItemGroup>
    <CudaCompile Include="brendancuda_ai_evol_evolver.cpp">
      <Filter>AI\Evolution</Filter>
    </CudaCompile>
    <CudaCompile Include="brendancuda_ai_mlp.cu">
      <Filter>AI\MLP</Filter>
    </CudaCompile>
    <CudaCompile Include="brendancuda_ai_mlp_mlpl.cu">
      <Filter>AI\MLP</Filter>
    </CudaCompile>
    <CudaCompile Include="brendancuda_ai_mlpb_mlpbl.cu">
      <Filter>AI\MLPB</Filter>
    </CudaCompile>
    <CudaCompile Include="brendancuda_ai.cu">
      <Filter>AI</Filter>
    </CudaCompile>
    <CudaCompile Include="brendancuda_rand_bits.cu">
      <Filter>Random</Filter>
    </CudaCompile>
    <CudaCompile Include="brendancuda_rand_drandom.cu">
      <Filter>Random</Filter>
    </CudaCompile>
    <CudaCompile Include="brendancuda_rand_sseed.cu">
      <Filter>Random</Filter>
    </CudaCompile>
    <CudaCompile Include="brendancuda_binary_basic.cu" />
    <CudaCompile Include="brendancuda_dcopy.cu" />
    <CudaCompile Include="brendancuda_nets_net.cu">
      <Filter>Nets</Filter>
    </CudaCompile>
    <CudaCompile Include="brendancuda_mathfuncs.cu" />
    <CudaCompile Include="brendancuda_errorhelp.cpp" />
    <CudaCompile Include="brendancuda_points.cu" />
    <CudaCompile Include="brendancuda_nets_makenet.cu">
      <Filter>Nets</Filter>
    </CudaCompile>
  </ItemGroup>
  <ItemGroup>
    <ClCompile Include="brendancuda_ai_evol_eval_output_impl_proliferation.cpp">
      <Filter>AI\Evolution\Evaluation\Output</Filter>
    </ClCompile>
    <ClCompile Include="brendancuda_ai_evol_eval_output_impl_uniquevalues.cpp">
      <Filter>AI\Evolution\Evaluation\Output</Filter>
    </ClCompile>
    <ClCompile Include="brendancuda_ai_genetics_genemlp.cpp">
      <Filter>AI\Genetics</Filter>
    </ClCompile>
  </ItemGroup>
</Project>