<?xml version="1.0" encoding="utf-8"?>
<Project ToolsVersion="4.0" xmlns="http://schemas.microsoft.com/developer/msbuild/2003">
  <ItemGroup>
    <ClInclude Include="dcopy.cuh" />
    <ClInclude Include="binary_basic.h" />
    <ClInclude Include="fixedvectors.h" />
    <ClInclude Include="mathfuncs.h" />
    <ClInclude Include="errorhelp.h" />
    <ClInclude Include="crossassigns.h" />
    <ClInclude Include="points.h" />
    <ClInclude Include="arrays.h" />
    <ClInclude Include="kernellaunch.cuh" />
    <ClInclude Include="cudaconstexpr.h" />
    <ClInclude Include="allheaders.h" />
    <ClInclude Include="allheaders.cuh" />
    <ClInclude Include="copyblock.h" />
    <ClInclude Include="threadid.h" />
    <ClInclude Include="dimensionedbase.h" />
    <ClInclude Include="copytype.h" />
    <ClInclude Include="curandkernelgens.h" />
    <ClInclude Include="packs.h" />
    <ClInclude Include="ai_evol_eval_output.h" />
    <ClInclude Include="ai_evol_eval_output_impl_proliferation.h" />
    <ClInclude Include="ai_evol_eval_output_impl_uniquevalues.h" />
    <ClInclude Include="ai_evol_eval_multieval.h" />
    <ClInclude Include="ai_evol.h" />
    <ClInclude Include="ai_evol_evolver.h" />
    <ClInclude Include="ai_genetics_genefixedmlp.h" />
    <ClInclude Include="ai_mlp_fixedmlp.h" />
    <ClInclude Include="ai_mlpb_fixedmlpb.h" />
    <ClInclude Include="ai.h" />
    <ClInclude Include="details_dfieldbase.h" />
    <ClInclude Include="details_fieldbase.h" />
    <ClInclude Include="details_fillwith.h" />
    <ClInclude Include="details_getintbin.h" />
    <ClInclude Include="fields_dfield.h" />
    <ClInclude Include="fields_field.h" />
    <ClInclude Include="fields_instance.h" />
    <ClInclude Include="nets_makenet.h" />
    <ClInclude Include="nets_net.h" />
    <ClInclude Include="rand_anyrng.h" />
    <ClInclude Include="rand_bits.h" />
    <ClInclude Include="rand_randomizer.h" />
    <ClInclude Include="details_mfieldbase.h" />
    <ClInclude Include="fields_mfield.h" />
    <ClInclude Include="fields_mdfield.h" />
    <ClInclude Include="exprs.h" />
    <ClInclude Include="copyptr.h" />
  </ItemGroup>
  <ItemGroup>
    <CudaCompile Include="binary_basic.cu" />
    <CudaCompile Include="dcopy.cu" />
    <CudaCompile Include="ai_evol_evolver.cpp" />
    <CudaCompile Include="ai.cu" />
    <CudaCompile Include="details_fillwith.cu" />
    <CudaCompile Include="nets_makenet.cu" />
    <CudaCompile Include="nets_net.cu" />
    <CudaCompile Include="rand_randomizer.cu" />
  </ItemGroup>
  <ItemGroup>
    <ClCompile Include="copyblock.cpp" />
    <ClCompile Include="ai_evol_eval_output_impl_proliferation.cpp" />
    <ClCompile Include="ai_evol_eval_output_impl_uniquevalues.cpp" />
  </ItemGroup>
</Project>